
Microsoft Visual Studio Solution File, Format Version 12.00
# Visual Studio Version 16
VisualStudioVersion = 16.0.30621.155
MinimumVisualStudioVersion = 10.0.40219.1
Project("{9A19103F-16F7-4668-BE54-9A1E7A4F7556}") = "DatingApp.API", "DatingApp.API.csproj", "{91AC2530-6692-45C7-AF95-4A663CFAB55F}"
EndProject
Global
	GlobalSection(SolutionConfigurationPlatforms) = preSolution
		Debug|Any CPU = Debug|Any CPU
		Release|Any CPU = Release|Any CPU
	EndGlobalSection
	GlobalSection(ProjectConfigurationPlatforms) = postSolution
		{91AC2530-6692-45C7-AF95-4A663CFAB55F}.Debug|Any CPU.ActiveCfg = Debug|Any CPU
		{91AC2530-6692-45C7-AF95-4A663CFAB55F}.Debug|Any CPU.Build.0 = Debug|Any CPU
		{91AC2530-6692-45C7-AF95-4A663CFAB55F}.Release|Any CPU.ActiveCfg = Release|Any CPU
		{91AC2530-6692-45C7-AF95-4A663CFAB55F}.Release|Any CPU.Build.0 = Release|Any CPU
	EndGlobalSection
	GlobalSection(SolutionProperties) = preSolution
		HideSolutionNode = FALSE
	EndGlobalSection
	GlobalSection(ExtensibilityGlobals) = postSolution
		SolutionGuid = {4B641E23-1C04-43CD-B874-26B3D095ACBC}
	EndGlobalSection
EndGlobal
